// !$*UTF8*$!
{
	archiveVersion = 1;
	classes = {
	};
	objectVersion = 77;
	objects = {

/* Begin PBXContainerItemProxy section */
		A1AA99F32CAD163800587BC9 /* PBXContainerItemProxy */ = {
			isa = PBXContainerItemProxy;
			containerPortal = A1AA99DA2CAD163600587BC9 /* Project object */;
			proxyType = 1;
			remoteGlobalIDString = A1AA99E12CAD163600587BC9;
			remoteInfo = AppleiPhoneChoose;
		};
		A1AA99FD2CAD163800587BC9 /* PBXContainerItemProxy */ = {
			isa = PBXContainerItemProxy;
			containerPortal = A1AA99DA2CAD163600587BC9 /* Project object */;
			proxyType = 1;
			remoteGlobalIDString = A1AA99E12CAD163600587BC9;
			remoteInfo = AppleiPhoneChoose;
		};
/* End PBXContainerItemProxy section */

/* Begin PBXFileReference section */
		A1AA99E22CAD163600587BC9 /* AppleiPhoneChoose.app */ = {isa = PBXFileReference; explicitFileType = wrapper.application; includeInIndex = 0; path = AppleiPhoneChoose.app; sourceTree = BUILT_PRODUCTS_DIR; };
		A1AA99F22CAD163800587BC9 /* AppleiPhoneChooseTests.xctest */ = {isa = PBXFileReference; explicitFileType = wrapper.cfbundle; includeInIndex = 0; path = AppleiPhoneChooseTests.xctest; sourceTree = BUILT_PRODUCTS_DIR; };
		A1AA99FC2CAD163800587BC9 /* AppleiPhoneChooseUITests.xctest */ = {isa = PBXFileReference; explicitFileType = wrapper.cfbundle; includeInIndex = 0; path = AppleiPhoneChooseUITests.xctest; sourceTree = BUILT_PRODUCTS_DIR; };
/* End PBXFileReference section */

/* Begin PBXFileSystemSynchronizedRootGroup section */
		A1AA99E42CAD163600587BC9 /* AppleiPhoneChoose */ = {
			isa = PBXFileSystemSynchronizedRootGroup;
			path = AppleiPhoneChoose;
			sourceTree = "<group>";
		};
		A1AA99F52CAD163800587BC9 /* AppleiPhoneChooseTests */ = {
			isa = PBXFileSystemSynchronizedRootGroup;
			path = AppleiPhoneChooseTests;
			sourceTree = "<group>";
		};
		A1AA99FF2CAD163800587BC9 /* AppleiPhoneChooseUITests */ = {
			isa = PBXFileSystemSynchronizedRootGroup;
			path = AppleiPhoneChooseUITests;
			sourceTree = "<group>";
		};
/* End PBXFileSystemSynchronizedRootGroup section */

/* Begin PBXFrameworksBuildPhase section */
		A1AA99DF2CAD163600587BC9 /* Frameworks */ = {
			isa = PBXFrameworksBuildPhase;
			buildActionMask = 2147483647;
			files = (
			);
			runOnlyForDeploymentPostprocessing = 0;
		};
		A1AA99EF2CAD163800587BC9 /* Frameworks */ = {
			isa = PBXFrameworksBuildPhase;
			buildActionMask = 2147483647;
			files = (
			);
			runOnlyForDeploymentPostprocessing = 0;
		};
		A1AA99F92CAD163800587BC9 /* Frameworks */ = {
			isa = PBXFrameworksBuildPhase;
			buildActionMask = 2147483647;
			files = (
			);
			runOnlyForDeploymentPostprocessing = 0;
		};
/* End PBXFrameworksBuildPhase section */

/* Begin PBXGroup section */
		A1AA99D92CAD163600587BC9 = {
			isa = PBXGroup;
			children = (
				A1AA99E42CAD163600587BC9 /* AppleiPhoneChoose */,
				A1AA99F52CAD163800587BC9 /* AppleiPhoneChooseTests */,
				A1AA99FF2CAD163800587BC9 /* AppleiPhoneChooseUITests */,
				A1AA99E32CAD163600587BC9 /* Products */,
			);
			sourceTree = "<group>";
		};
		A1AA99E32CAD163600587BC9 /* Products */ = {
			isa = PBXGroup;
			children = (
				A1AA99E22CAD163600587BC9 /* AppleiPhoneChoose.app */,
				A1AA99F22CAD163800587BC9 /* AppleiPhoneChooseTests.xctest */,
				A1AA99FC2CAD163800587BC9 /* AppleiPhoneChooseUITests.xctest */,
			);
			name = Products;
			sourceTree = "<group>";
		};
/* End PBXGroup section */

/* Begin PBXNativeTarget section */
		A1AA99E12CAD163600587BC9 /* AppleiPhoneChoose */ = {
			isa = PBXNativeTarget;
			buildConfigurationList = A1AA9A062CAD163800587BC9 /* Build configuration list for PBXNativeTarget "AppleiPhoneChoose" */;
			buildPhases = (
				A1AA99DE2CAD163600587BC9 /* Sources */,
				A1AA99DF2CAD163600587BC9 /* Frameworks */,
				A1AA99E02CAD163600587BC9 /* Resources */,
			);
			buildRules = (
			);
			dependencies = (
			);
			fileSystemSynchronizedGroups = (
				A1AA99E42CAD163600587BC9 /* AppleiPhoneChoose */,
			);
			name = AppleiPhoneChoose;
			packageProductDependencies = (
			);
			productName = AppleiPhoneChoose;
			productReference = A1AA99E22CAD163600587BC9 /* AppleiPhoneChoose.app */;
			productType = "com.apple.product-type.application";
		};
		A1AA99F12CAD163800587BC9 /* AppleiPhoneChooseTests */ = {
			isa = PBXNativeTarget;
			buildConfigurationList = A1AA9A092CAD163800587BC9 /* Build configuration list for PBXNativeTarget "AppleiPhoneChooseTests" */;
			buildPhases = (
				A1AA99EE2CAD163800587BC9 /* Sources */,
				A1AA99EF2CAD163800587BC9 /* Frameworks */,
				A1AA99F02CAD163800587BC9 /* Resources */,
			);
			buildRules = (
			);
			dependencies = (
				A1AA99F42CAD163800587BC9 /* PBXTargetDependency */,
			);
			fileSystemSynchronizedGroups = (
				A1AA99F52CAD163800587BC9 /* AppleiPhoneChooseTests */,
			);
			name = AppleiPhoneChooseTests;
			packageProductDependencies = (
			);
			productName = AppleiPhoneChooseTests;
			productReference = A1AA99F22CAD163800587BC9 /* AppleiPhoneChooseTests.xctest */;
			productType = "com.apple.product-type.bundle.unit-test";
		};
		A1AA99FB2CAD163800587BC9 /* AppleiPhoneChooseUITests */ = {
			isa = PBXNativeTarget;
			buildConfigurationList = A1AA9A0C2CAD163800587BC9 /* Build configuration list for PBXNativeTarget "AppleiPhoneChooseUITests" */;
			buildPhases = (
				A1AA99F82CAD163800587BC9 /* Sources */,
				A1AA99F92CAD163800587BC9 /* Frameworks */,
				A1AA99FA2CAD163800587BC9 /* Resources */,
			);
			buildRules = (
			);
			dependencies = (
				A1AA99FE2CAD163800587BC9 /* PBXTargetDependency */,
			);
			fileSystemSynchronizedGroups = (
				A1AA99FF2CAD163800587BC9 /* AppleiPhoneChooseUITests */,
			);
			name = AppleiPhoneChooseUITests;
			packageProductDependencies = (
			);
			productName = AppleiPhoneChooseUITests;
			productReference = A1AA99FC2CAD163800587BC9 /* AppleiPhoneChooseUITests.xctest */;
			productType = "com.apple.product-type.bundle.ui-testing";
		};
/* End PBXNativeTarget section */

/* Begin PBXProject section */
		A1AA99DA2CAD163600587BC9 /* Project object */ = {
			isa = PBXProject;
			attributes = {
				BuildIndependentTargetsInParallel = 1;
				LastSwiftUpdateCheck = 1600;
				LastUpgradeCheck = 1600;
				TargetAttributes = {
					A1AA99E12CAD163600587BC9 = {
						CreatedOnToolsVersion = 16.0;
					};
					A1AA99F12CAD163800587BC9 = {
						CreatedOnToolsVersion = 16.0;
						TestTargetID = A1AA99E12CAD163600587BC9;
					};
					A1AA99FB2CAD163800587BC9 = {
						CreatedOnToolsVersion = 16.0;
						TestTargetID = A1AA99E12CAD163600587BC9;
					};
				};
			};
			buildConfigurationList = A1AA99DD2CAD163600587BC9 /* Build configuration list for PBXProject "AppleiPhoneChoose" */;
			developmentRegion = en;
			hasScannedForEncodings = 0;
			knownRegions = (
				en,
				Base,
			);
			mainGroup = A1AA99D92CAD163600587BC9;
			minimizedProjectReferenceProxies = 1;
			preferredProjectObjectVersion = 77;
			productRefGroup = A1AA99E32CAD163600587BC9 /* Products */;
			projectDirPath = "";
			projectRoot = "";
			targets = (
				A1AA99E12CAD163600587BC9 /* AppleiPhoneChoose */,
				A1AA99F12CAD163800587BC9 /* AppleiPhoneChooseTests */,
				A1AA99FB2CAD163800587BC9 /* AppleiPhoneChooseUITests */,
			);
		};
/* End PBXProject section */

/* Begin PBXResourcesBuildPhase section */
		A1AA99E02CAD163600587BC9 /* Resources */ = {
			isa = PBXResourcesBuildPhase;
			buildActionMask = 2147483647;
			files = (
			);
			runOnlyForDeploymentPostprocessing = 0;
		};
		A1AA99F02CAD163800587BC9 /* Resources */ = {
			isa = PBXResourcesBuildPhase;
			buildActionMask = 2147483647;
			files = (
			);
			runOnlyForDeploymentPostprocessing = 0;
		};
		A1AA99FA2CAD163800587BC9 /* Resources */ = {
			isa = PBXResourcesBuildPhase;
			buildActionMask = 2147483647;
			files = (
			);
			runOnlyForDeploymentPostprocessing = 0;
		};
/* End PBXResourcesBuildPhase section */

/* Begin PBXSourcesBuildPhase section */
		A1AA99DE2CAD163600587BC9 /* Sources */ = {
			isa = PBXSourcesBuildPhase;
			buildActionMask = 2147483647;
			files = (
			);
			runOnlyForDeploymentPostprocessing = 0;
		};
		A1AA99EE2CAD163800587BC9 /* Sources */ = {
			isa = PBXSourcesBuildPhase;
			buildActionMask = 2147483647;
			files = (
			);
			runOnlyForDeploymentPostprocessing = 0;
		};
		A1AA99F82CAD163800587BC9 /* Sources */ = {
			isa = PBXSourcesBuildPhase;
			buildActionMask = 2147483647;
			files = (
			);
			runOnlyForDeploymentPostprocessing = 0;
		};
/* End PBXSourcesBuildPhase section */

/* Begin PBXTargetDependency section */
		A1AA99F42CAD163800587BC9 /* PBXTargetDependency */ = {
			isa = PBXTargetDependency;
			target = A1AA99E12CAD163600587BC9 /* AppleiPhoneChoose */;
			targetProxy = A1AA99F32CAD163800587BC9 /* PBXContainerItemProxy */;
		};
		A1AA99FE2CAD163800587BC9 /* PBXTargetDependency */ = {
			isa = PBXTargetDependency;
			target = A1AA99E12CAD163600587BC9 /* AppleiPhoneChoose */;
			targetProxy = A1AA99FD2CAD163800587BC9 /* PBXContainerItemProxy */;
		};
/* End PBXTargetDependency section */

/* Begin XCBuildConfiguration section */
		A1AA9A042CAD163800587BC9 /* Debug */ = {
			isa = XCBuildConfiguration;
			buildSettings = {
				ALWAYS_SEARCH_USER_PATHS = NO;
				ASSETCATALOG_COMPILER_GENERATE_SWIFT_ASSET_SYMBOL_EXTENSIONS = YES;
				CLANG_ANALYZER_NONNULL = YES;
				CLANG_ANALYZER_NUMBER_OBJECT_CONVERSION = YES_AGGRESSIVE;
				CLANG_CXX_LANGUAGE_STANDARD = "gnu++20";
				CLANG_ENABLE_MODULES = YES;
				CLANG_ENABLE_OBJC_ARC = YES;
				CLANG_ENABLE_OBJC_WEAK = YES;
				CLANG_WARN_BLOCK_CAPTURE_AUTORELEASING = YES;
				CLANG_WARN_BOOL_CONVERSION = YES;
				CLANG_WARN_COMMA = YES;
				CLANG_WARN_CONSTANT_CONVERSION = YES;
				CLANG_WARN_DEPRECATED_OBJC_IMPLEMENTATIONS = YES;
				CLANG_WARN_DIRECT_OBJC_ISA_USAGE = YES_ERROR;
				CLANG_WARN_DOCUMENTATION_COMMENTS = YES;
				CLANG_WARN_EMPTY_BODY = YES;
				CLANG_WARN_ENUM_CONVERSION = YES;
				CLANG_WARN_INFINITE_RECURSION = YES;
				CLANG_WARN_INT_CONVERSION = YES;
				CLANG_WARN_NON_LITERAL_NULL_CONVERSION = YES;
				CLANG_WARN_OBJC_IMPLICIT_RETAIN_SELF = YES;
				CLANG_WARN_OBJC_LITERAL_CONVERSION = YES;
				CLANG_WARN_OBJC_ROOT_CLASS = YES_ERROR;
				CLANG_WARN_QUOTED_INCLUDE_IN_FRAMEWORK_HEADER = YES;
				CLANG_WARN_RANGE_LOOP_ANALYSIS = YES;
				CLANG_WARN_STRICT_PROTOTYPES = YES;
				CLANG_WARN_SUSPICIOUS_MOVE = YES;
				CLANG_WARN_UNGUARDED_AVAILABILITY = YES_AGGRESSIVE;
				CLANG_WARN_UNREACHABLE_CODE = YES;
				CLANG_WARN__DUPLICATE_METHOD_MATCH = YES;
				COPY_PHASE_STRIP = NO;
				DEBUG_INFORMATION_FORMAT = dwarf;
				ENABLE_STRICT_OBJC_MSGSEND = YES;
				ENABLE_TESTABILITY = YES;
				ENABLE_USER_SCRIPT_SANDBOXING = YES;
				GCC_C_LANGUAGE_STANDARD = gnu17;
				GCC_DYNAMIC_NO_PIC = NO;
				GCC_NO_COMMON_BLOCKS = YES;
				GCC_OPTIMIZATION_LEVEL = 0;
				GCC_PREPROCESSOR_DEFINITIONS = (
					"DEBUG=1",
					"$(inherited)",
				);
				GCC_WARN_64_TO_32_BIT_CONVERSION = YES;
				GCC_WARN_ABOUT_RETURN_TYPE = YES_ERROR;
				GCC_WARN_UNDECLARED_SELECTOR = YES;
				GCC_WARN_UNINITIALIZED_AUTOS = YES_AGGRESSIVE;
				GCC_WARN_UNUSED_FUNCTION = YES;
				GCC_WARN_UNUSED_VARIABLE = YES;
				IPHONEOS_DEPLOYMENT_TARGET = 18.0;
				LOCALIZATION_PREFERS_STRING_CATALOGS = YES;
				MTL_ENABLE_DEBUG_INFO = INCLUDE_SOURCE;
				MTL_FAST_MATH = YES;
				ONLY_ACTIVE_ARCH = YES;
				SDKROOT = iphoneos;
				SWIFT_ACTIVE_COMPILATION_CONDITIONS = "DEBUG $(inherited)";
				SWIFT_OPTIMIZATION_LEVEL = "-Onone";
			};
			name = Debug;
		};
		A1AA9A052CAD163800587BC9 /* Release */ = {
			isa = XCBuildConfiguration;
			buildSettings = {
				ALWAYS_SEARCH_USER_PATHS = NO;
				ASSETCATALOG_COMPILER_GENERATE_SWIFT_ASSET_SYMBOL_EXTENSIONS = YES;
				CLANG_ANALYZER_NONNULL = YES;
				CLANG_ANALYZER_NUMBER_OBJECT_CONVERSION = YES_AGGRESSIVE;
				CLANG_CXX_LANGUAGE_STANDARD = "gnu++20";
				CLANG_ENABLE_MODULES = YES;
				CLANG_ENABLE_OBJC_ARC = YES;
				CLANG_ENABLE_OBJC_WEAK = YES;
				CLANG_WARN_BLOCK_CAPTURE_AUTORELEASING = YES;
				CLANG_WARN_BOOL_CONVERSION = YES;
				CLANG_WARN_COMMA = YES;
				CLANG_WARN_CONSTANT_CONVERSION = YES;
				CLANG_WARN_DEPRECATED_OBJC_IMPLEMENTATIONS = YES;
				CLANG_WARN_DIRECT_OBJC_ISA_USAGE = YES_ERROR;
				CLANG_WARN_DOCUMENTATION_COMMENTS = YES;
				CLANG_WARN_EMPTY_BODY = YES;
				CLANG_WARN_ENUM_CONVERSION = YES;
				CLANG_WARN_INFINITE_RECURSION = YES;
				CLANG_WARN_INT_CONVERSION = YES;
				CLANG_WARN_NON_LITERAL_NULL_CONVERSION = YES;
				CLANG_WARN_OBJC_IMPLICIT_RETAIN_SELF = YES;
				CLANG_WARN_OBJC_LITERAL_CONVERSION = YES;
				CLANG_WARN_OBJC_ROOT_CLASS = YES_ERROR;
				CLANG_WARN_QUOTED_INCLUDE_IN_FRAMEWORK_HEADER = YES;
				CLANG_WARN_RANGE_LOOP_ANALYSIS = YES;
				CLANG_WARN_STRICT_PROTOTYPES = YES;
				CLANG_WARN_SUSPICIOUS_MOVE = YES;
				CLANG_WARN_UNGUARDED_AVAILABILITY = YES_AGGRESSIVE;
				CLANG_WARN_UNREACHABLE_CODE = YES;
				CLANG_WARN__DUPLICATE_METHOD_MATCH = YES;
				COPY_PHASE_STRIP = NO;
				DEBUG_INFORMATION_FORMAT = "dwarf-with-dsym";
				ENABLE_NS_ASSERTIONS = NO;
				ENABLE_STRICT_OBJC_MSGSEND = YES;
				ENABLE_USER_SCRIPT_SANDBOXING = YES;
				GCC_C_LANGUAGE_STANDARD = gnu17;
				GCC_NO_COMMON_BLOCKS = YES;
				GCC_WARN_64_TO_32_BIT_CONVERSION = YES;
				GCC_WARN_ABOUT_RETURN_TYPE = YES_ERROR;
				GCC_WARN_UNDECLARED_SELECTOR = YES;
				GCC_WARN_UNINITIALIZED_AUTOS = YES_AGGRESSIVE;
				GCC_WARN_UNUSED_FUNCTION = YES;
				GCC_WARN_UNUSED_VARIABLE = YES;
				IPHONEOS_DEPLOYMENT_TARGET = 18.0;
				LOCALIZATION_PREFERS_STRING_CATALOGS = YES;
				MTL_ENABLE_DEBUG_INFO = NO;
				MTL_FAST_MATH = YES;
				SDKROOT = iphoneos;
				SWIFT_COMPILATION_MODE = wholemodule;
				VALIDATE_PRODUCT = YES;
			};
			name = Release;
		};
		A1AA9A072CAD163800587BC9 /* Debug */ = {
			isa = XCBuildConfiguration;
			buildSettings = {
				ASSETCATALOG_COMPILER_APPICON_NAME = AppIcon;
				ASSETCATALOG_COMPILER_GLOBAL_ACCENT_COLOR_NAME = AccentColor;
				CODE_SIGN_STYLE = Automatic;
				CURRENT_PROJECT_VERSION = 1;
				DEVELOPMENT_ASSET_PATHS = "\"AppleiPhoneChoose/Preview Content\"";
				DEVELOPMENT_TEAM = V5U74DBG96;
				ENABLE_PREVIEWS = YES;
				GENERATE_INFOPLIST_FILE = YES;
				INFOPLIST_KEY_UIApplicationSceneManifest_Generation = YES;
				INFOPLIST_KEY_UIApplicationSupportsIndirectInputEvents = YES;
				INFOPLIST_KEY_UILaunchScreen_Generation = YES;
				INFOPLIST_KEY_UISupportedInterfaceOrientations_iPad = "UIInterfaceOrientationPortrait UIInterfaceOrientationPortraitUpsideDown UIInterfaceOrientationLandscapeLeft UIInterfaceOrientationLandscapeRight";
				INFOPLIST_KEY_UISupportedInterfaceOrientations_iPhone = "UIInterfaceOrientationPortrait UIInterfaceOrientationLandscapeLeft UIInterfaceOrientationLandscapeRight";
				LD_RUNPATH_SEARCH_PATHS = (
					"$(inherited)",
					"@executable_path/Frameworks",
				);
				MARKETING_VERSION = 1.0;
				PRODUCT_BUNDLE_IDENTIFIER = edu.missouri.AppleiPhoneChoose;
				PRODUCT_NAME = "$(TARGET_NAME)";
				SWIFT_EMIT_LOC_STRINGS = YES;
				SWIFT_VERSION = 5.0;
				TARGETED_DEVICE_FAMILY = "1,2";
			};
			name = Debug;
		};
		A1AA9A082CAD163800587BC9 /* Release */ = {
			isa = XCBuildConfiguration;
			buildSettings = {
				ASSETCATALOG_COMPILER_APPICON_NAME = AppIcon;
				ASSETCATALOG_COMPILER_GLOBAL_ACCENT_COLOR_NAME = AccentColor;
				CODE_SIGN_STYLE = Automatic;
				CURRENT_PROJECT_VERSION = 1;
				DEVELOPMENT_ASSET_PATHS = "\"AppleiPhoneChoose/Preview Content\"";
				DEVELOPMENT_TEAM = V5U74DBG96;
				ENABLE_PREVIEWS = YES;
				GENERATE_INFOPLIST_FILE = YES;
				INFOPLIST_KEY_UIApplicationSceneManifest_Generation = YES;
				INFOPLIST_KEY_UIApplicationSupportsIndirectInputEvents = YES;
				INFOPLIST_KEY_UILaunchScreen_Generation = YES;
				INFOPLIST_KEY_UISupportedInterfaceOrientations_iPad = "UIInterfaceOrientationPortrait UIInterfaceOrientationPortraitUpsideDown UIInterfaceOrientationLandscapeLeft UIInterfaceOrientationLandscapeRight";
				INFOPLIST_KEY_UISupportedInterfaceOrientations_iPhone = "UIInterfaceOrientationPortrait UIInterfaceOrientationLandscapeLeft UIInterfaceOrientationLandscapeRight";
				LD_RUNPATH_SEARCH_PATHS = (
					"$(inherited)",
					"@executable_path/Frameworks",
				);
				MARKETING_VERSION = 1.0;
				PRODUCT_BUNDLE_IDENTIFIER = edu.missouri.AppleiPhoneChoose;
				PRODUCT_NAME = "$(TARGET_NAME)";
				SWIFT_EMIT_LOC_STRINGS = YES;
				SWIFT_VERSION = 5.0;
				TARGETED_DEVICE_FAMILY = "1,2";
			};
			name = Release;
		};
		A1AA9A0A2CAD163800587BC9 /* Debug */ = {
			isa = XCBuildConfiguration;
			buildSettings = {
				BUNDLE_LOADER = "$(TEST_HOST)";
				CODE_SIGN_STYLE = Automatic;
				CURRENT_PROJECT_VERSION = 1;
				DEVELOPMENT_TEAM = V5U74DBG96;
				GENERATE_INFOPLIST_FILE = YES;
				IPHONEOS_DEPLOYMENT_TARGET = 18.0;
				MARKETING_VERSION = 1.0;
				PRODUCT_BUNDLE_IDENTIFIER = edu.missouri.AppleiPhoneChooseTests;
				PRODUCT_NAME = "$(TARGET_NAME)";
				SWIFT_EMIT_LOC_STRINGS = NO;
				SWIFT_VERSION = 5.0;
				TARGETED_DEVICE_FAMILY = "1,2";
				TEST_HOST = "$(BUILT_PRODUCTS_DIR)/AppleiPhoneChoose.app/$(BUNDLE_EXECUTABLE_FOLDER_PATH)/AppleiPhoneChoose";
			};
			name = Debug;
		};
		A1AA9A0B2CAD163800587BC9 /* Release */ = {
			isa = XCBuildConfiguration;
			buildSettings = {
				BUNDLE_LOADER = "$(TEST_HOST)";
				CODE_SIGN_STYLE = Automatic;
				CURRENT_PROJECT_VERSION = 1;
				DEVELOPMENT_TEAM = V5U74DBG96;
				GENERATE_INFOPLIST_FILE = YES;
				IPHONEOS_DEPLOYMENT_TARGET = 18.0;
				MARKETING_VERSION = 1.0;
				PRODUCT_BUNDLE_IDENTIFIER = edu.missouri.AppleiPhoneChooseTests;
				PRODUCT_NAME = "$(TARGET_NAME)";
				SWIFT_EMIT_LOC_STRINGS = NO;
				SWIFT_VERSION = 5.0;
				TARGETED_DEVICE_FAMILY = "1,2";
				TEST_HOST = "$(BUILT_PRODUCTS_DIR)/AppleiPhoneChoose.app/$(BUNDLE_EXECUTABLE_FOLDER_PATH)/AppleiPhoneChoose";
			};
			name = Release;
		};
		A1AA9A0D2CAD163800587BC9 /* Debug */ = {
			isa = XCBuildConfiguration;
			buildSettings = {
				CODE_SIGN_STYLE = Automatic;
				CURRENT_PROJECT_VERSION = 1;
				DEVELOPMENT_TEAM = V5U74DBG96;
				GENERATE_INFOPLIST_FILE = YES;
				MARKETING_VERSION = 1.0;
				PRODUCT_BUNDLE_IDENTIFIER = edu.missouri.AppleiPhoneChooseUITests;
				PRODUCT_NAME = "$(TARGET_NAME)";
				SWIFT_EMIT_LOC_STRINGS = NO;
				SWIFT_VERSION = 5.0;
				TARGETED_DEVICE_FAMILY = "1,2";
				TEST_TARGET_NAME = AppleiPhoneChoose;
			};
			name = Debug;
		};
		A1AA9A0E2CAD163800587BC9 /* Release */ = {
			isa = XCBuildConfiguration;
			buildSettings = {
				CODE_SIGN_STYLE = Automatic;
				CURRENT_PROJECT_VERSION = 1;
				DEVELOPMENT_TEAM = V5U74DBG96;
				GENERATE_INFOPLIST_FILE = YES;
				MARKETING_VERSION = 1.0;
				PRODUCT_BUNDLE_IDENTIFIER = edu.missouri.AppleiPhoneChooseUITests;
				PRODUCT_NAME = "$(TARGET_NAME)";
				SWIFT_EMIT_LOC_STRINGS = NO;
				SWIFT_VERSION = 5.0;
				TARGETED_DEVICE_FAMILY = "1,2";
				TEST_TARGET_NAME = AppleiPhoneChoose;
			};
			name = Release;
		};
/* End XCBuildConfiguration section */

/* Begin XCConfigurationList section */
		A1AA99DD2CAD163600587BC9 /* Build configuration list for PBXProject "AppleiPhoneChoose" */ = {
			isa = XCConfigurationList;
			buildConfigurations = (
				A1AA9A042CAD163800587BC9 /* Debug */,
				A1AA9A052CAD163800587BC9 /* Release */,
			);
			defaultConfigurationIsVisible = 0;
			defaultConfigurationName = Release;
		};
		A1AA9A062CAD163800587BC9 /* Build configuration list for PBXNativeTarget "AppleiPhoneChoose" */ = {
			isa = XCConfigurationList;
			buildConfigurations = (
				A1AA9A072CAD163800587BC9 /* Debug */,
				A1AA9A082CAD163800587BC9 /* Release */,
			);
			defaultConfigurationIsVisible = 0;
			defaultConfigurationName = Release;
		};
		A1AA9A092CAD163800587BC9 /* Build configuration list for PBXNativeTarget "AppleiPhoneChooseTests" */ = {
			isa = XCConfigurationList;
			buildConfigurations = (
				A1AA9A0A2CAD163800587BC9 /* Debug */,
				A1AA9A0B2CAD163800587BC9 /* Release */,
			);
			defaultConfigurationIsVisible = 0;
			defaultConfigurationName = Release;
		};
		A1AA9A0C2CAD163800587BC9 /* Build configuration list for PBXNativeTarget "AppleiPhoneChooseUITests" */ = {
			isa = XCConfigurationList;
			buildConfigurations = (
				A1AA9A0D2CAD163800587BC9 /* Debug */,
				A1AA9A0E2CAD163800587BC9 /* Release */,
			);
			defaultConfigurationIsVisible = 0;
			defaultConfigurationName = Release;
		};
/* End XCConfigurationList section */
	};
	rootObject = A1AA99DA2CAD163600587BC9 /* Project object */;
}
