// !$*UTF8*$!
{
	archiveVersion = 1;
	classes = {
	};
	objectVersion = 77;
	objects = {

/* Begin PBXContainerItemProxy section */
		A19B62072D0162D300BDEAA8 /* PBXContainerItemProxy */ = {
			isa = PBXContainerItemProxy;
			containerPortal = A19B61EE2D0162D000BDEAA8 /* Project object */;
			proxyType = 1;
			remoteGlobalIDString = A19B61F52D0162D000BDEAA8;
			remoteInfo = caloriesFinalv2;
		};
		A19B62112D0162D300BDEAA8 /* PBXContainerItemProxy */ = {
			isa = PBXContainerItemProxy;
			containerPortal = A19B61EE2D0162D000BDEAA8 /* Project object */;
			proxyType = 1;
			remoteGlobalIDString = A19B61F52D0162D000BDEAA8;
			remoteInfo = caloriesFinalv2;
		};
/* End PBXContainerItemProxy section */

/* Begin PBXFileReference section */
		A19B61F62D0162D000BDEAA8 /* caloriesFinalv2.app */ = {isa = PBXFileReference; explicitFileType = wrapper.application; includeInIndex = 0; path = caloriesFinalv2.app; sourceTree = BUILT_PRODUCTS_DIR; };
		A19B62062D0162D300BDEAA8 /* caloriesFinalv2Tests.xctest */ = {isa = PBXFileReference; explicitFileType = wrapper.cfbundle; includeInIndex = 0; path = caloriesFinalv2Tests.xctest; sourceTree = BUILT_PRODUCTS_DIR; };
		A19B62102D0162D300BDEAA8 /* caloriesFinalv2UITests.xctest */ = {isa = PBXFileReference; explicitFileType = wrapper.cfbundle; includeInIndex = 0; path = caloriesFinalv2UITests.xctest; sourceTree = BUILT_PRODUCTS_DIR; };
/* End PBXFileReference section */

/* Begin PBXFileSystemSynchronizedRootGroup section */
		A19B61F82D0162D000BDEAA8 /* caloriesFinalv2 */ = {
			isa = PBXFileSystemSynchronizedRootGroup;
			path = caloriesFinalv2;
			sourceTree = "<group>";
		};
		A19B62092D0162D300BDEAA8 /* caloriesFinalv2Tests */ = {
			isa = PBXFileSystemSynchronizedRootGroup;
			path = caloriesFinalv2Tests;
			sourceTree = "<group>";
		};
		A19B62132D0162D300BDEAA8 /* caloriesFinalv2UITests */ = {
			isa = PBXFileSystemSynchronizedRootGroup;
			path = caloriesFinalv2UITests;
			sourceTree = "<group>";
		};
/* End PBXFileSystemSynchronizedRootGroup section */

/* Begin PBXFrameworksBuildPhase section */
		A19B61F32D0162D000BDEAA8 /* Frameworks */ = {
			isa = PBXFrameworksBuildPhase;
			buildActionMask = 2147483647;
			files = (
			);
			runOnlyForDeploymentPostprocessing = 0;
		};
		A19B62032D0162D300BDEAA8 /* Frameworks */ = {
			isa = PBXFrameworksBuildPhase;
			buildActionMask = 2147483647;
			files = (
			);
			runOnlyForDeploymentPostprocessing = 0;
		};
		A19B620D2D0162D300BDEAA8 /* Frameworks */ = {
			isa = PBXFrameworksBuildPhase;
			buildActionMask = 2147483647;
			files = (
			);
			runOnlyForDeploymentPostprocessing = 0;
		};
/* End PBXFrameworksBuildPhase section */

/* Begin PBXGroup section */
		A19B61ED2D0162D000BDEAA8 = {
			isa = PBXGroup;
			children = (
				A19B61F82D0162D000BDEAA8 /* caloriesFinalv2 */,
				A19B62092D0162D300BDEAA8 /* caloriesFinalv2Tests */,
				A19B62132D0162D300BDEAA8 /* caloriesFinalv2UITests */,
				A19B61F72D0162D000BDEAA8 /* Products */,
			);
			sourceTree = "<group>";
		};
		A19B61F72D0162D000BDEAA8 /* Products */ = {
			isa = PBXGroup;
			children = (
				A19B61F62D0162D000BDEAA8 /* caloriesFinalv2.app */,
				A19B62062D0162D300BDEAA8 /* caloriesFinalv2Tests.xctest */,
				A19B62102D0162D300BDEAA8 /* caloriesFinalv2UITests.xctest */,
			);
			name = Products;
			sourceTree = "<group>";
		};
/* End PBXGroup section */

/* Begin PBXNativeTarget section */
		A19B61F52D0162D000BDEAA8 /* caloriesFinalv2 */ = {
			isa = PBXNativeTarget;
			buildConfigurationList = A19B621A2D0162D300BDEAA8 /* Build configuration list for PBXNativeTarget "caloriesFinalv2" */;
			buildPhases = (
				A19B61F22D0162D000BDEAA8 /* Sources */,
				A19B61F32D0162D000BDEAA8 /* Frameworks */,
				A19B61F42D0162D000BDEAA8 /* Resources */,
			);
			buildRules = (
			);
			dependencies = (
			);
			fileSystemSynchronizedGroups = (
				A19B61F82D0162D000BDEAA8 /* caloriesFinalv2 */,
			);
			name = caloriesFinalv2;
			packageProductDependencies = (
			);
			productName = caloriesFinalv2;
			productReference = A19B61F62D0162D000BDEAA8 /* caloriesFinalv2.app */;
			productType = "com.apple.product-type.application";
		};
		A19B62052D0162D300BDEAA8 /* caloriesFinalv2Tests */ = {
			isa = PBXNativeTarget;
			buildConfigurationList = A19B621D2D0162D300BDEAA8 /* Build configuration list for PBXNativeTarget "caloriesFinalv2Tests" */;
			buildPhases = (
				A19B62022D0162D300BDEAA8 /* Sources */,
				A19B62032D0162D300BDEAA8 /* Frameworks */,
				A19B62042D0162D300BDEAA8 /* Resources */,
			);
			buildRules = (
			);
			dependencies = (
				A19B62082D0162D300BDEAA8 /* PBXTargetDependency */,
			);
			fileSystemSynchronizedGroups = (
				A19B62092D0162D300BDEAA8 /* caloriesFinalv2Tests */,
			);
			name = caloriesFinalv2Tests;
			packageProductDependencies = (
			);
			productName = caloriesFinalv2Tests;
			productReference = A19B62062D0162D300BDEAA8 /* caloriesFinalv2Tests.xctest */;
			productType = "com.apple.product-type.bundle.unit-test";
		};
		A19B620F2D0162D300BDEAA8 /* caloriesFinalv2UITests */ = {
			isa = PBXNativeTarget;
			buildConfigurationList = A19B62202D0162D300BDEAA8 /* Build configuration list for PBXNativeTarget "caloriesFinalv2UITests" */;
			buildPhases = (
				A19B620C2D0162D300BDEAA8 /* Sources */,
				A19B620D2D0162D300BDEAA8 /* Frameworks */,
				A19B620E2D0162D300BDEAA8 /* Resources */,
			);
			buildRules = (
			);
			dependencies = (
				A19B62122D0162D300BDEAA8 /* PBXTargetDependency */,
			);
			fileSystemSynchronizedGroups = (
				A19B62132D0162D300BDEAA8 /* caloriesFinalv2UITests */,
			);
			name = caloriesFinalv2UITests;
			packageProductDependencies = (
			);
			productName = caloriesFinalv2UITests;
			productReference = A19B62102D0162D300BDEAA8 /* caloriesFinalv2UITests.xctest */;
			productType = "com.apple.product-type.bundle.ui-testing";
		};
/* End PBXNativeTarget section */

/* Begin PBXProject section */
		A19B61EE2D0162D000BDEAA8 /* Project object */ = {
			isa = PBXProject;
			attributes = {
				BuildIndependentTargetsInParallel = 1;
				LastSwiftUpdateCheck = 1610;
				LastUpgradeCheck = 1610;
				TargetAttributes = {
					A19B61F52D0162D000BDEAA8 = {
						CreatedOnToolsVersion = 16.1;
					};
					A19B62052D0162D300BDEAA8 = {
						CreatedOnToolsVersion = 16.1;
						TestTargetID = A19B61F52D0162D000BDEAA8;
					};
					A19B620F2D0162D300BDEAA8 = {
						CreatedOnToolsVersion = 16.1;
						TestTargetID = A19B61F52D0162D000BDEAA8;
					};
				};
			};
			buildConfigurationList = A19B61F12D0162D000BDEAA8 /* Build configuration list for PBXProject "caloriesFinalv2" */;
			developmentRegion = en;
			hasScannedForEncodings = 0;
			knownRegions = (
				en,
				Base,
			);
			mainGroup = A19B61ED2D0162D000BDEAA8;
			minimizedProjectReferenceProxies = 1;
			preferredProjectObjectVersion = 77;
			productRefGroup = A19B61F72D0162D000BDEAA8 /* Products */;
			projectDirPath = "";
			projectRoot = "";
			targets = (
				A19B61F52D0162D000BDEAA8 /* caloriesFinalv2 */,
				A19B62052D0162D300BDEAA8 /* caloriesFinalv2Tests */,
				A19B620F2D0162D300BDEAA8 /* caloriesFinalv2UITests */,
			);
		};
/* End PBXProject section */

/* Begin PBXResourcesBuildPhase section */
		A19B61F42D0162D000BDEAA8 /* Resources */ = {
			isa = PBXResourcesBuildPhase;
			buildActionMask = 2147483647;
			files = (
			);
			runOnlyForDeploymentPostprocessing = 0;
		};
		A19B62042D0162D300BDEAA8 /* Resources */ = {
			isa = PBXResourcesBuildPhase;
			buildActionMask = 2147483647;
			files = (
			);
			runOnlyForDeploymentPostprocessing = 0;
		};
		A19B620E2D0162D300BDEAA8 /* Resources */ = {
			isa = PBXResourcesBuildPhase;
			buildActionMask = 2147483647;
			files = (
			);
			runOnlyForDeploymentPostprocessing = 0;
		};
/* End PBXResourcesBuildPhase section */

/* Begin PBXSourcesBuildPhase section */
		A19B61F22D0162D000BDEAA8 /* Sources */ = {
			isa = PBXSourcesBuildPhase;
			buildActionMask = 2147483647;
			files = (
			);
			runOnlyForDeploymentPostprocessing = 0;
		};
		A19B62022D0162D300BDEAA8 /* Sources */ = {
			isa = PBXSourcesBuildPhase;
			buildActionMask = 2147483647;
			files = (
			);
			runOnlyForDeploymentPostprocessing = 0;
		};
		A19B620C2D0162D300BDEAA8 /* Sources */ = {
			isa = PBXSourcesBuildPhase;
			buildActionMask = 2147483647;
			files = (
			);
			runOnlyForDeploymentPostprocessing = 0;
		};
/* End PBXSourcesBuildPhase section */

/* Begin PBXTargetDependency section */
		A19B62082D0162D300BDEAA8 /* PBXTargetDependency */ = {
			isa = PBXTargetDependency;
			target = A19B61F52D0162D000BDEAA8 /* caloriesFinalv2 */;
			targetProxy = A19B62072D0162D300BDEAA8 /* PBXContainerItemProxy */;
		};
		A19B62122D0162D300BDEAA8 /* PBXTargetDependency */ = {
			isa = PBXTargetDependency;
			target = A19B61F52D0162D000BDEAA8 /* caloriesFinalv2 */;
			targetProxy = A19B62112D0162D300BDEAA8 /* PBXContainerItemProxy */;
		};
/* End PBXTargetDependency section */

/* Begin XCBuildConfiguration section */
		A19B62182D0162D300BDEAA8 /* Debug */ = {
			isa = XCBuildConfiguration;
			buildSettings = {
				ALWAYS_SEARCH_USER_PATHS = NO;
				ASSETCATALOG_COMPILER_GENERATE_SWIFT_ASSET_SYMBOL_EXTENSIONS = YES;
				CLANG_ANALYZER_NONNULL = YES;
				CLANG_ANALYZER_NUMBER_OBJECT_CONVERSION = YES_AGGRESSIVE;
				CLANG_CXX_LANGUAGE_STANDARD = "gnu++20";
				CLANG_ENABLE_MODULES = YES;
				CLANG_ENABLE_OBJC_ARC = YES;
				CLANG_ENABLE_OBJC_WEAK = YES;
				CLANG_WARN_BLOCK_CAPTURE_AUTORELEASING = YES;
				CLANG_WARN_BOOL_CONVERSION = YES;
				CLANG_WARN_COMMA = YES;
				CLANG_WARN_CONSTANT_CONVERSION = YES;
				CLANG_WARN_DEPRECATED_OBJC_IMPLEMENTATIONS = YES;
				CLANG_WARN_DIRECT_OBJC_ISA_USAGE = YES_ERROR;
				CLANG_WARN_DOCUMENTATION_COMMENTS = YES;
				CLANG_WARN_EMPTY_BODY = YES;
				CLANG_WARN_ENUM_CONVERSION = YES;
				CLANG_WARN_INFINITE_RECURSION = YES;
				CLANG_WARN_INT_CONVERSION = YES;
				CLANG_WARN_NON_LITERAL_NULL_CONVERSION = YES;
				CLANG_WARN_OBJC_IMPLICIT_RETAIN_SELF = YES;
				CLANG_WARN_OBJC_LITERAL_CONVERSION = YES;
				CLANG_WARN_OBJC_ROOT_CLASS = YES_ERROR;
				CLANG_WARN_QUOTED_INCLUDE_IN_FRAMEWORK_HEADER = YES;
				CLANG_WARN_RANGE_LOOP_ANALYSIS = YES;
				CLANG_WARN_STRICT_PROTOTYPES = YES;
				CLANG_WARN_SUSPICIOUS_MOVE = YES;
				CLANG_WARN_UNGUARDED_AVAILABILITY = YES_AGGRESSIVE;
				CLANG_WARN_UNREACHABLE_CODE = YES;
				CLANG_WARN__DUPLICATE_METHOD_MATCH = YES;
				COPY_PHASE_STRIP = NO;
				DEBUG_INFORMATION_FORMAT = dwarf;
				ENABLE_STRICT_OBJC_MSGSEND = YES;
				ENABLE_TESTABILITY = YES;
				ENABLE_USER_SCRIPT_SANDBOXING = YES;
				GCC_C_LANGUAGE_STANDARD = gnu17;
				GCC_DYNAMIC_NO_PIC = NO;
				GCC_NO_COMMON_BLOCKS = YES;
				GCC_OPTIMIZATION_LEVEL = 0;
				GCC_PREPROCESSOR_DEFINITIONS = (
					"DEBUG=1",
					"$(inherited)",
				);
				GCC_WARN_64_TO_32_BIT_CONVERSION = YES;
				GCC_WARN_ABOUT_RETURN_TYPE = YES_ERROR;
				GCC_WARN_UNDECLARED_SELECTOR = YES;
				GCC_WARN_UNINITIALIZED_AUTOS = YES_AGGRESSIVE;
				GCC_WARN_UNUSED_FUNCTION = YES;
				GCC_WARN_UNUSED_VARIABLE = YES;
				IPHONEOS_DEPLOYMENT_TARGET = 18.1;
				LOCALIZATION_PREFERS_STRING_CATALOGS = YES;
				MTL_ENABLE_DEBUG_INFO = INCLUDE_SOURCE;
				MTL_FAST_MATH = YES;
				ONLY_ACTIVE_ARCH = YES;
				SDKROOT = iphoneos;
				SWIFT_ACTIVE_COMPILATION_CONDITIONS = "DEBUG $(inherited)";
				SWIFT_OPTIMIZATION_LEVEL = "-Onone";
			};
			name = Debug;
		};
		A19B62192D0162D300BDEAA8 /* Release */ = {
			isa = XCBuildConfiguration;
			buildSettings = {
				ALWAYS_SEARCH_USER_PATHS = NO;
				ASSETCATALOG_COMPILER_GENERATE_SWIFT_ASSET_SYMBOL_EXTENSIONS = YES;
				CLANG_ANALYZER_NONNULL = YES;
				CLANG_ANALYZER_NUMBER_OBJECT_CONVERSION = YES_AGGRESSIVE;
				CLANG_CXX_LANGUAGE_STANDARD = "gnu++20";
				CLANG_ENABLE_MODULES = YES;
				CLANG_ENABLE_OBJC_ARC = YES;
				CLANG_ENABLE_OBJC_WEAK = YES;
				CLANG_WARN_BLOCK_CAPTURE_AUTORELEASING = YES;
				CLANG_WARN_BOOL_CONVERSION = YES;
				CLANG_WARN_COMMA = YES;
				CLANG_WARN_CONSTANT_CONVERSION = YES;
				CLANG_WARN_DEPRECATED_OBJC_IMPLEMENTATIONS = YES;
				CLANG_WARN_DIRECT_OBJC_ISA_USAGE = YES_ERROR;
				CLANG_WARN_DOCUMENTATION_COMMENTS = YES;
				CLANG_WARN_EMPTY_BODY = YES;
				CLANG_WARN_ENUM_CONVERSION = YES;
				CLANG_WARN_INFINITE_RECURSION = YES;
				CLANG_WARN_INT_CONVERSION = YES;
				CLANG_WARN_NON_LITERAL_NULL_CONVERSION = YES;
				CLANG_WARN_OBJC_IMPLICIT_RETAIN_SELF = YES;
				CLANG_WARN_OBJC_LITERAL_CONVERSION = YES;
				CLANG_WARN_OBJC_ROOT_CLASS = YES_ERROR;
				CLANG_WARN_QUOTED_INCLUDE_IN_FRAMEWORK_HEADER = YES;
				CLANG_WARN_RANGE_LOOP_ANALYSIS = YES;
				CLANG_WARN_STRICT_PROTOTYPES = YES;
				CLANG_WARN_SUSPICIOUS_MOVE = YES;
				CLANG_WARN_UNGUARDED_AVAILABILITY = YES_AGGRESSIVE;
				CLANG_WARN_UNREACHABLE_CODE = YES;
				CLANG_WARN__DUPLICATE_METHOD_MATCH = YES;
				COPY_PHASE_STRIP = NO;
				DEBUG_INFORMATION_FORMAT = "dwarf-with-dsym";
				ENABLE_NS_ASSERTIONS = NO;
				ENABLE_STRICT_OBJC_MSGSEND = YES;
				ENABLE_USER_SCRIPT_SANDBOXING = YES;
				GCC_C_LANGUAGE_STANDARD = gnu17;
				GCC_NO_COMMON_BLOCKS = YES;
				GCC_WARN_64_TO_32_BIT_CONVERSION = YES;
				GCC_WARN_ABOUT_RETURN_TYPE = YES_ERROR;
				GCC_WARN_UNDECLARED_SELECTOR = YES;
				GCC_WARN_UNINITIALIZED_AUTOS = YES_AGGRESSIVE;
				GCC_WARN_UNUSED_FUNCTION = YES;
				GCC_WARN_UNUSED_VARIABLE = YES;
				IPHONEOS_DEPLOYMENT_TARGET = 18.1;
				LOCALIZATION_PREFERS_STRING_CATALOGS = YES;
				MTL_ENABLE_DEBUG_INFO = NO;
				MTL_FAST_MATH = YES;
				SDKROOT = iphoneos;
				SWIFT_COMPILATION_MODE = wholemodule;
				VALIDATE_PRODUCT = YES;
			};
			name = Release;
		};
		A19B621B2D0162D300BDEAA8 /* Debug */ = {
			isa = XCBuildConfiguration;
			buildSettings = {
				ASSETCATALOG_COMPILER_APPICON_NAME = AppIcon;
				ASSETCATALOG_COMPILER_GLOBAL_ACCENT_COLOR_NAME = AccentColor;
				CODE_SIGN_STYLE = Automatic;
				CURRENT_PROJECT_VERSION = 1;
				DEVELOPMENT_ASSET_PATHS = "\"caloriesFinalv2/Preview Content\"";
				DEVELOPMENT_TEAM = V5U74DBG96;
				ENABLE_PREVIEWS = YES;
				GENERATE_INFOPLIST_FILE = YES;
				INFOPLIST_KEY_UIApplicationSceneManifest_Generation = YES;
				INFOPLIST_KEY_UIApplicationSupportsIndirectInputEvents = YES;
				INFOPLIST_KEY_UILaunchScreen_Generation = YES;
				INFOPLIST_KEY_UISupportedInterfaceOrientations_iPad = "UIInterfaceOrientationPortrait UIInterfaceOrientationPortraitUpsideDown UIInterfaceOrientationLandscapeLeft UIInterfaceOrientationLandscapeRight";
				INFOPLIST_KEY_UISupportedInterfaceOrientations_iPhone = "UIInterfaceOrientationPortrait UIInterfaceOrientationLandscapeLeft UIInterfaceOrientationLandscapeRight";
				LD_RUNPATH_SEARCH_PATHS = (
					"$(inherited)",
					"@executable_path/Frameworks",
				);
				MARKETING_VERSION = 1.0;
				PRODUCT_BUNDLE_IDENTIFIER = edu.missouri.caloriesFinalv2;
				PRODUCT_NAME = "$(TARGET_NAME)";
				SWIFT_EMIT_LOC_STRINGS = YES;
				SWIFT_VERSION = 5.0;
				TARGETED_DEVICE_FAMILY = "1,2";
			};
			name = Debug;
		};
		A19B621C2D0162D300BDEAA8 /* Release */ = {
			isa = XCBuildConfiguration;
			buildSettings = {
				ASSETCATALOG_COMPILER_APPICON_NAME = AppIcon;
				ASSETCATALOG_COMPILER_GLOBAL_ACCENT_COLOR_NAME = AccentColor;
				CODE_SIGN_STYLE = Automatic;
				CURRENT_PROJECT_VERSION = 1;
				DEVELOPMENT_ASSET_PATHS = "\"caloriesFinalv2/Preview Content\"";
				DEVELOPMENT_TEAM = V5U74DBG96;
				ENABLE_PREVIEWS = YES;
				GENERATE_INFOPLIST_FILE = YES;
				INFOPLIST_KEY_UIApplicationSceneManifest_Generation = YES;
				INFOPLIST_KEY_UIApplicationSupportsIndirectInputEvents = YES;
				INFOPLIST_KEY_UILaunchScreen_Generation = YES;
				INFOPLIST_KEY_UISupportedInterfaceOrientations_iPad = "UIInterfaceOrientationPortrait UIInterfaceOrientationPortraitUpsideDown UIInterfaceOrientationLandscapeLeft UIInterfaceOrientationLandscapeRight";
				INFOPLIST_KEY_UISupportedInterfaceOrientations_iPhone = "UIInterfaceOrientationPortrait UIInterfaceOrientationLandscapeLeft UIInterfaceOrientationLandscapeRight";
				LD_RUNPATH_SEARCH_PATHS = (
					"$(inherited)",
					"@executable_path/Frameworks",
				);
				MARKETING_VERSION = 1.0;
				PRODUCT_BUNDLE_IDENTIFIER = edu.missouri.caloriesFinalv2;
				PRODUCT_NAME = "$(TARGET_NAME)";
				SWIFT_EMIT_LOC_STRINGS = YES;
				SWIFT_VERSION = 5.0;
				TARGETED_DEVICE_FAMILY = "1,2";
			};
			name = Release;
		};
		A19B621E2D0162D300BDEAA8 /* Debug */ = {
			isa = XCBuildConfiguration;
			buildSettings = {
				BUNDLE_LOADER = "$(TEST_HOST)";
				CODE_SIGN_STYLE = Automatic;
				CURRENT_PROJECT_VERSION = 1;
				DEVELOPMENT_TEAM = V5U74DBG96;
				GENERATE_INFOPLIST_FILE = YES;
				IPHONEOS_DEPLOYMENT_TARGET = 18.1;
				MARKETING_VERSION = 1.0;
				PRODUCT_BUNDLE_IDENTIFIER = edu.missouri.caloriesFinalv2Tests;
				PRODUCT_NAME = "$(TARGET_NAME)";
				SWIFT_EMIT_LOC_STRINGS = NO;
				SWIFT_VERSION = 5.0;
				TARGETED_DEVICE_FAMILY = "1,2";
				TEST_HOST = "$(BUILT_PRODUCTS_DIR)/caloriesFinalv2.app/$(BUNDLE_EXECUTABLE_FOLDER_PATH)/caloriesFinalv2";
			};
			name = Debug;
		};
		A19B621F2D0162D300BDEAA8 /* Release */ = {
			isa = XCBuildConfiguration;
			buildSettings = {
				BUNDLE_LOADER = "$(TEST_HOST)";
				CODE_SIGN_STYLE = Automatic;
				CURRENT_PROJECT_VERSION = 1;
				DEVELOPMENT_TEAM = V5U74DBG96;
				GENERATE_INFOPLIST_FILE = YES;
				IPHONEOS_DEPLOYMENT_TARGET = 18.1;
				MARKETING_VERSION = 1.0;
				PRODUCT_BUNDLE_IDENTIFIER = edu.missouri.caloriesFinalv2Tests;
				PRODUCT_NAME = "$(TARGET_NAME)";
				SWIFT_EMIT_LOC_STRINGS = NO;
				SWIFT_VERSION = 5.0;
				TARGETED_DEVICE_FAMILY = "1,2";
				TEST_HOST = "$(BUILT_PRODUCTS_DIR)/caloriesFinalv2.app/$(BUNDLE_EXECUTABLE_FOLDER_PATH)/caloriesFinalv2";
			};
			name = Release;
		};
		A19B62212D0162D300BDEAA8 /* Debug */ = {
			isa = XCBuildConfiguration;
			buildSettings = {
				CODE_SIGN_STYLE = Automatic;
				CURRENT_PROJECT_VERSION = 1;
				DEVELOPMENT_TEAM = V5U74DBG96;
				GENERATE_INFOPLIST_FILE = YES;
				MARKETING_VERSION = 1.0;
				PRODUCT_BUNDLE_IDENTIFIER = edu.missouri.caloriesFinalv2UITests;
				PRODUCT_NAME = "$(TARGET_NAME)";
				SWIFT_EMIT_LOC_STRINGS = NO;
				SWIFT_VERSION = 5.0;
				TARGETED_DEVICE_FAMILY = "1,2";
				TEST_TARGET_NAME = caloriesFinalv2;
			};
			name = Debug;
		};
		A19B62222D0162D300BDEAA8 /* Release */ = {
			isa = XCBuildConfiguration;
			buildSettings = {
				CODE_SIGN_STYLE = Automatic;
				CURRENT_PROJECT_VERSION = 1;
				DEVELOPMENT_TEAM = V5U74DBG96;
				GENERATE_INFOPLIST_FILE = YES;
				MARKETING_VERSION = 1.0;
				PRODUCT_BUNDLE_IDENTIFIER = edu.missouri.caloriesFinalv2UITests;
				PRODUCT_NAME = "$(TARGET_NAME)";
				SWIFT_EMIT_LOC_STRINGS = NO;
				SWIFT_VERSION = 5.0;
				TARGETED_DEVICE_FAMILY = "1,2";
				TEST_TARGET_NAME = caloriesFinalv2;
			};
			name = Release;
		};
/* End XCBuildConfiguration section */

/* Begin XCConfigurationList section */
		A19B61F12D0162D000BDEAA8 /* Build configuration list for PBXProject "caloriesFinalv2" */ = {
			isa = XCConfigurationList;
			buildConfigurations = (
				A19B62182D0162D300BDEAA8 /* Debug */,
				A19B62192D0162D300BDEAA8 /* Release */,
			);
			defaultConfigurationIsVisible = 0;
			defaultConfigurationName = Release;
		};
		A19B621A2D0162D300BDEAA8 /* Build configuration list for PBXNativeTarget "caloriesFinalv2" */ = {
			isa = XCConfigurationList;
			buildConfigurations = (
				A19B621B2D0162D300BDEAA8 /* Debug */,
				A19B621C2D0162D300BDEAA8 /* Release */,
			);
			defaultConfigurationIsVisible = 0;
			defaultConfigurationName = Release;
		};
		A19B621D2D0162D300BDEAA8 /* Build configuration list for PBXNativeTarget "caloriesFinalv2Tests" */ = {
			isa = XCConfigurationList;
			buildConfigurations = (
				A19B621E2D0162D300BDEAA8 /* Debug */,
				A19B621F2D0162D300BDEAA8 /* Release */,
			);
			defaultConfigurationIsVisible = 0;
			defaultConfigurationName = Release;
		};
		A19B62202D0162D300BDEAA8 /* Build configuration list for PBXNativeTarget "caloriesFinalv2UITests" */ = {
			isa = XCConfigurationList;
			buildConfigurations = (
				A19B62212D0162D300BDEAA8 /* Debug */,
				A19B62222D0162D300BDEAA8 /* Release */,
			);
			defaultConfigurationIsVisible = 0;
			defaultConfigurationName = Release;
		};
/* End XCConfigurationList section */
	};
	rootObject = A19B61EE2D0162D000BDEAA8 /* Project object */;
}
